<?xml version="1.0" encoding="utf-8"?>
<Project ToolsVersion="4.0" xmlns="http://schemas.microsoft.com/developer/msbuild/2003">
  <ItemGroup>
    <Filter Include="源文件">
      <UniqueIdentifier>{4FC737F1-C7A5-4376-A066-2A32D752A2FF}</UniqueIdentifier>
      <Extensions>cpp;c;cc;cxx;c++;cppm;ixx;def;odl;idl;hpj;bat;asm;asmx</Extensions>
    </Filter>
    <Filter Include="头文件">
      <UniqueIdentifier>{93995380-89BD-4b04-88EB-625FBE52EBFB}</UniqueIdentifier>
      <Extensions>h;hh;hpp;hxx;h++;hm;inl;inc;ipp;xsd</Extensions>
    </Filter>
    <Filter Include="资源文件">
      <UniqueIdentifier>{67DA6AB6-F800-4c08-8B7A-83BB121AAD01}</UniqueIdentifier>
      <Extensions>rc;ico;cur;bmp;dlg;rc2;rct;bin;rgs;gif;jpg;jpeg;jpe;resx;tiff;tif;png;wav;mfcribbon-ms</Extensions>
    </Filter>
  </ItemGroup>
  <ItemGroup>
    <ClCompile Include="gc\GarbageCollected.cpp">
      <Filter>源文件</Filter>
    </ClCompile>
    <ClCompile Include="gc\GCLocker.cpp">
      <Filter>源文件</Filter>
    </ClCompile>
    <ClCompile Include="gc\GCManager.cpp">
      <Filter>源文件</Filter>
    </ClCompile>
    <ClCompile Include="gc\GCThreadState.cpp">
      <Filter>源文件</Filter>
    </ClCompile>
    <ClCompile Include="gc\GCUnsafeScope.cpp">
      <Filter>源文件</Filter>
    </ClCompile>
    <ClCompile Include="gc\GCVisitor.cpp">
      <Filter>源文件</Filter>
    </ClCompile>
    <ClCompile Include="gc\GCWaiter.cpp">
      <Filter>源文件</Filter>
    </ClCompile>
    <ClCompile Include="main.cpp">
      <Filter>源文件</Filter>
    </ClCompile>
    <ClCompile Include="gc\GCStopTheWorld.cpp">
      <Filter>源文件</Filter>
    </ClCompile>
    <ClCompile Include="gc\GCScope.cpp">
      <Filter>源文件</Filter>
    </ClCompile>
    <ClCompile Include="gc\GCThread.cpp">
      <Filter>源文件</Filter>
    </ClCompile>
    <ClCompile Include="gc\GCMarkThread.cpp">
      <Filter>源文件</Filter>
    </ClCompile>
    <ClCompile Include="gc\GCSweepThread.cpp">
      <Filter>源文件</Filter>
    </ClCompile>
    <ClCompile Include="gc\GCSettings.cpp">
      <Filter>源文件</Filter>
    </ClCompile>
    <ClCompile Include="gc\GCTimer.cpp">
      <Filter>源文件</Filter>
    </ClCompile>
    <ClCompile Include="gc\heap\GCMemoryPage.cpp">
      <Filter>源文件</Filter>
    </ClCompile>
    <ClCompile Include="gc\heap\GCMemoryEntry.cpp">
      <Filter>源文件</Filter>
    </ClCompile>
    <ClCompile Include="gc\heap\GCFreeListEntry.cpp">
      <Filter>源文件</Filter>
    </ClCompile>
    <ClCompile Include="gc\heap\GCFreeList.cpp">
      <Filter>源文件</Filter>
    </ClCompile>
    <ClCompile Include="gc\heap\GCHeap.cpp">
      <Filter>源文件</Filter>
    </ClCompile>
    <ClCompile Include="gc\heap\GCThreadHeap.cpp">
      <Filter>源文件</Filter>
    </ClCompile>
    <ClCompile Include="gc\heap\GCMemoryPageRange.cpp">
      <Filter>源文件</Filter>
    </ClCompile>
    <ClCompile Include="gc\heap\GCSpace.cpp">
      <Filter>源文件</Filter>
    </ClCompile>
    <ClCompile Include="gc\heap\GCMemoryHeader.cpp">
      <Filter>源文件</Filter>
    </ClCompile>
    <ClCompile Include="gc\heap\GCMemorySet.cpp">
      <Filter>源文件</Filter>
    </ClCompile>
    <ClCompile Include="gc\heap\GCCardTable.cpp">
      <Filter>源文件</Filter>
    </ClCompile>
    <ClCompile Include="gc\platform\GCPlatformAPI.cpp">
      <Filter>源文件</Filter>
    </ClCompile>
    <ClCompile Include="gc\template\GCBitArray.cpp">
      <Filter>源文件</Filter>
    </ClCompile>
    <ClCompile Include="gc\heap\GCMemoryPageAllocator.cpp">
      <Filter>源文件</Filter>
    </ClCompile>
    <ClCompile Include="gc\heap\GCFixedSpace.cpp">
      <Filter>源文件</Filter>
    </ClCompile>
    <ClCompile Include="gc\template\GCUtils.cpp">
      <Filter>源文件</Filter>
    </ClCompile>
    <ClCompile Include="gc\heap\GCHeapSettings.cpp">
      <Filter>源文件</Filter>
    </ClCompile>
  </ItemGroup>
  <ItemGroup>
    <ClInclude Include="gc\GarbageCollected.h">
      <Filter>头文件</Filter>
    </ClInclude>
    <ClInclude Include="gc\GCLocker.h">
      <Filter>头文件</Filter>
    </ClInclude>
    <ClInclude Include="gc\GCManager.h">
      <Filter>头文件</Filter>
    </ClInclude>
    <ClInclude Include="gc\GCPtr.h">
      <Filter>头文件</Filter>
    </ClInclude>
    <ClInclude Include="gc\GCThreadState.h">
      <Filter>头文件</Filter>
    </ClInclude>
    <ClInclude Include="gc\GCUnsafeScope.h">
      <Filter>头文件</Filter>
    </ClInclude>
    <ClInclude Include="gc\GCVisitor.h">
      <Filter>头文件</Filter>
    </ClInclude>
    <ClInclude Include="gc\GCWaiter.h">
      <Filter>头文件</Filter>
    </ClInclude>
    <ClInclude Include="gc\GCStopTheWorld.h">
      <Filter>头文件</Filter>
    </ClInclude>
    <ClInclude Include="gc\GCPersist.h">
      <Filter>头文件</Filter>
    </ClInclude>
    <ClInclude Include="gc\GCScope.h">
      <Filter>头文件</Filter>
    </ClInclude>
    <ClInclude Include="gc\GCThread.h">
      <Filter>头文件</Filter>
    </ClInclude>
    <ClInclude Include="gc\GCMarkThread.h">
      <Filter>头文件</Filter>
    </ClInclude>
    <ClInclude Include="gc\GCSweepThread.h">
      <Filter>头文件</Filter>
    </ClInclude>
    <ClInclude Include="gc\GCSettings.h">
      <Filter>头文件</Filter>
    </ClInclude>
    <ClInclude Include="gc\GCTimer.h">
      <Filter>头文件</Filter>
    </ClInclude>
    <ClInclude Include="gc\heap\GCMemoryPage.h">
      <Filter>头文件</Filter>
    </ClInclude>
    <ClInclude Include="gc\heap\GCMemoryEntry.h">
      <Filter>头文件</Filter>
    </ClInclude>
    <ClInclude Include="gc\heap\GCFreeListEntry.h">
      <Filter>头文件</Filter>
    </ClInclude>
    <ClInclude Include="gc\heap\GCFreeList.h">
      <Filter>头文件</Filter>
    </ClInclude>
    <ClInclude Include="gc\heap\GCThreadHeap.h">
      <Filter>头文件</Filter>
    </ClInclude>
    <ClInclude Include="gc\heap\GCHeap.h">
      <Filter>头文件</Filter>
    </ClInclude>
    <ClInclude Include="gc\heap\GCMemoryPageRange.h">
      <Filter>头文件</Filter>
    </ClInclude>
    <ClInclude Include="gc\heap\GCSpace.h">
      <Filter>头文件</Filter>
    </ClInclude>
    <ClInclude Include="gc\heap\GCMemoryHeader.h">
      <Filter>头文件</Filter>
    </ClInclude>
    <ClInclude Include="gc\heap\GCMemorySet.h">
      <Filter>头文件</Filter>
    </ClInclude>
    <ClInclude Include="gc\heap\GCType.h">
      <Filter>头文件</Filter>
    </ClInclude>
    <ClInclude Include="gc\heap\GCCardTable.h">
      <Filter>头文件</Filter>
    </ClInclude>
    <ClInclude Include="gc\platform\GCPlatformAPI.h">
      <Filter>头文件</Filter>
    </ClInclude>
    <ClInclude Include="gc\template\GCBitArray.h">
      <Filter>头文件</Filter>
    </ClInclude>
    <ClInclude Include="gc\heap\GCMemoryPageAllocator.h">
      <Filter>头文件</Filter>
    </ClInclude>
    <ClInclude Include="gc\template\GCUtils.h">
      <Filter>头文件</Filter>
    </ClInclude>
    <ClInclude Include="gc\heap\GCFixedSpace.h">
      <Filter>头文件</Filter>
    </ClInclude>
    <ClInclude Include="gc\heap\GCHeapSettings.h">
      <Filter>头文件</Filter>
    </ClInclude>
  </ItemGroup>
  <ItemGroup>
    <None Include=".clang-format" />
  </ItemGroup>
</Project>